
Microsoft Visual Studio Solution File, Format Version 12.00
# Visual Studio Version 17
VisualStudioVersion = 17.3.32929.385
MinimumVisualStudioVersion = 10.0.40219.1
Project("{FAE04EC0-301F-11D3-BF4B-00C04F79EFBC}") = "AspNetCoreTotpSample.Web", "AspNetCoreTotpSample.Web\AspNetCoreTotpSample.Web.csproj", "{2653B1E7-483E-4940-BBAE-0E780AB8D6DE}"
EndProject
Global
	GlobalSection(SolutionConfigurationPlatforms) = preSolution
		Debug|Any CPU = Debug|Any CPU
		Release|Any CPU = Release|Any CPU
	EndGlobalSection
	GlobalSection(ProjectConfigurationPlatforms) = postSolution
		{2653B1E7-483E-4940-BBAE-0E780AB8D6DE}.Debug|Any CPU.ActiveCfg = Debug|Any CPU
		{2653B1E7-483E-4940-BBAE-0E780AB8D6DE}.Debug|Any CPU.Build.0 = Debug|Any CPU
		{2653B1E7-483E-4940-BBAE-0E780AB8D6DE}.Release|Any CPU.ActiveCfg = Release|Any CPU
		{2653B1E7-483E-4940-BBAE-0E780AB8D6DE}.Release|Any CPU.Build.0 = Release|Any CPU
	EndGlobalSection
	GlobalSection(SolutionProperties) = preSolution
		HideSolutionNode = FALSE
	EndGlobalSection
	GlobalSection(ExtensibilityGlobals) = postSolution
		SolutionGuid = {02EE621C-DDD3-4FDF-A976-A489B97DB1D9}
	EndGlobalSection
EndGlobal
